
Microsoft Visual Studio Solution File, Format Version 12.00
# Visual Studio 14
VisualStudioVersion = 14.0.25420.1
MinimumVisualStudioVersion = 10.0.40219.1
Project("{FAE04EC0-301F-11D3-BF4B-00C04F79EFBC}") = "Car_Rental", "Car_Rental\Car_Rental.csproj", "{38C7612B-80F4-44BF-9909-1A87483BDD7B}"
EndProject
Project("{FAE04EC0-301F-11D3-BF4B-00C04F79EFBC}") = "SunshineSubdivision", "SunshineSubdivision\SunshineSubdivision.csproj", "{529C6352-78E1-4F25-BE8E-179BC2ED92E0}"
EndProject
Project("{FAE04EC0-301F-11D3-BF4B-00C04F79EFBC}") = "BookQuery", "BookQuery\BookQuery.csproj", "{8C0F81D6-4E0E-4571-A768-45F4A2B3CB00}"
EndProject
Project("{FAE04EC0-301F-11D3-BF4B-00C04F79EFBC}") = "BookQuery2", "BookQuery2\BookQuery2.csproj", "{48DA3C6D-095C-4D25-96DB-C30B3FBC5DDF}"
EndProject
Global
	GlobalSection(SolutionConfigurationPlatforms) = preSolution
		Debug|Any CPU = Debug|Any CPU
		Release|Any CPU = Release|Any CPU
	EndGlobalSection
	GlobalSection(ProjectConfigurationPlatforms) = postSolution
		{38C7612B-80F4-44BF-9909-1A87483BDD7B}.Debug|Any CPU.ActiveCfg = Debug|Any CPU
		{38C7612B-80F4-44BF-9909-1A87483BDD7B}.Debug|Any CPU.Build.0 = Debug|Any CPU
		{38C7612B-80F4-44BF-9909-1A87483BDD7B}.Release|Any CPU.ActiveCfg = Release|Any CPU
		{38C7612B-80F4-44BF-9909-1A87483BDD7B}.Release|Any CPU.Build.0 = Release|Any CPU
		{529C6352-78E1-4F25-BE8E-179BC2ED92E0}.Debug|Any CPU.ActiveCfg = Debug|Any CPU
		{529C6352-78E1-4F25-BE8E-179BC2ED92E0}.Debug|Any CPU.Build.0 = Debug|Any CPU
		{529C6352-78E1-4F25-BE8E-179BC2ED92E0}.Release|Any CPU.ActiveCfg = Release|Any CPU
		{529C6352-78E1-4F25-BE8E-179BC2ED92E0}.Release|Any CPU.Build.0 = Release|Any CPU
		{8C0F81D6-4E0E-4571-A768-45F4A2B3CB00}.Debug|Any CPU.ActiveCfg = Debug|Any CPU
		{8C0F81D6-4E0E-4571-A768-45F4A2B3CB00}.Debug|Any CPU.Build.0 = Debug|Any CPU
		{8C0F81D6-4E0E-4571-A768-45F4A2B3CB00}.Release|Any CPU.ActiveCfg = Release|Any CPU
		{8C0F81D6-4E0E-4571-A768-45F4A2B3CB00}.Release|Any CPU.Build.0 = Release|Any CPU
		{48DA3C6D-095C-4D25-96DB-C30B3FBC5DDF}.Debug|Any CPU.ActiveCfg = Debug|Any CPU
		{48DA3C6D-095C-4D25-96DB-C30B3FBC5DDF}.Debug|Any CPU.Build.0 = Debug|Any CPU
		{48DA3C6D-095C-4D25-96DB-C30B3FBC5DDF}.Release|Any CPU.ActiveCfg = Release|Any CPU
		{48DA3C6D-095C-4D25-96DB-C30B3FBC5DDF}.Release|Any CPU.Build.0 = Release|Any CPU
	EndGlobalSection
	GlobalSection(SolutionProperties) = preSolution
		HideSolutionNode = FALSE
	EndGlobalSection
EndGlobal
